// !$*UTF8*$!
{
	archiveVersion = 1;
	classes = {
	};
	objectVersion = 46;
	objects = {

/* Begin PBXBuildFile section */
		FF0D6DF5151B1A28006DBFEE /* IRDiscreteLayoutChangeSet.h in Headers */ = {isa = PBXBuildFile; fileRef = FF0D6DF3151B1A28006DBFEE /* IRDiscreteLayoutChangeSet.h */; };
		FF0D6DF6151B1A28006DBFEE /* IRDiscreteLayoutChangeSet.m in Sources */ = {isa = PBXBuildFile; fileRef = FF0D6DF4151B1A28006DBFEE /* IRDiscreteLayoutChangeSet.m */; };
		FF0FA3E6152453D400B34D19 /* IRDiscreteLayoutError.h in Headers */ = {isa = PBXBuildFile; fileRef = FF0FA3E4152453D400B34D19 /* IRDiscreteLayoutError.h */; };
		FF0FA3E7152453D400B34D19 /* IRDiscreteLayoutError.m in Sources */ = {isa = PBXBuildFile; fileRef = FF0FA3E5152453D400B34D19 /* IRDiscreteLayoutError.m */; };
		FF2BFEE2140AC72300604E8D /* SenTestingKit.framework in Frameworks */ = {isa = PBXBuildFile; fileRef = FF2BFEE1140AC72300604E8D /* SenTestingKit.framework */; };
		FF2BFEE3140AC72300604E8D /* UIKit.framework in Frameworks */ = {isa = PBXBuildFile; fileRef = FF8726F81408BC08002FE6FC /* UIKit.framework */; };
		FF2BFEE4140AC72300604E8D /* Foundation.framework in Frameworks */ = {isa = PBXBuildFile; fileRef = FF55E1991407CE8400D8F3C7 /* Foundation.framework */; };
		FF2BFEEC140AC72300604E8D /* InfoPlist.strings in Resources */ = {isa = PBXBuildFile; fileRef = FF2BFEEA140AC72300604E8D /* InfoPlist.strings */; };
		FF2BFEEE140AC72300604E8D /* IRDiscreteLayoutTests.h in Resources */ = {isa = PBXBuildFile; fileRef = FF2BFEED140AC72300604E8D /* IRDiscreteLayoutTests.h */; };
		FF2BFEF0140AC72300604E8D /* IRDiscreteLayoutTests.m in Sources */ = {isa = PBXBuildFile; fileRef = FF2BFEEF140AC72300604E8D /* IRDiscreteLayoutTests.m */; };
		FF2BFF2C140AC9FC00604E8D /* libIRDiscreteLayoutManager.a in Frameworks */ = {isa = PBXBuildFile; fileRef = FF55E1961407CE8400D8F3C7 /* libIRDiscreteLayoutManager.a */; };
		FF427030155116280053D1CA /* IRDiscreteLayoutArea.h in Headers */ = {isa = PBXBuildFile; fileRef = FF42702E155116280053D1CA /* IRDiscreteLayoutArea.h */; };
		FF427031155116280053D1CA /* IRDiscreteLayoutArea.m in Sources */ = {isa = PBXBuildFile; fileRef = FF42702F155116280053D1CA /* IRDiscreteLayoutArea.m */; };
		FF427039155116AF0053D1CA /* IRDiscreteLayoutGrid+Deprecated.h in Headers */ = {isa = PBXBuildFile; fileRef = FF427037155116AE0053D1CA /* IRDiscreteLayoutGrid+Deprecated.h */; };
		FF42703A155116AF0053D1CA /* IRDiscreteLayoutGrid+Deprecated.m in Sources */ = {isa = PBXBuildFile; fileRef = FF427038155116AF0053D1CA /* IRDiscreteLayoutGrid+Deprecated.m */; };
		FF55E19A1407CE8400D8F3C7 /* Foundation.framework in Frameworks */ = {isa = PBXBuildFile; fileRef = FF55E1991407CE8400D8F3C7 /* Foundation.framework */; };
		FF55E1A01407CE8400D8F3C7 /* IRDiscreteLayoutManager.m in Sources */ = {isa = PBXBuildFile; fileRef = FF55E19F1407CE8400D8F3C7 /* IRDiscreteLayoutManager.m */; };
		FF5C84EC140B802A002E0415 /* MobileCoreServices.framework in Frameworks */ = {isa = PBXBuildFile; fileRef = FF5C84EB140B802A002E0415 /* MobileCoreServices.framework */; };
		FF5C84EF140B803E002E0415 /* QuartzCore.framework in Frameworks */ = {isa = PBXBuildFile; fileRef = FF5C84EE140B803E002E0415 /* QuartzCore.framework */; };
		FF5C84F1140B8044002E0415 /* CoreGraphics.framework in Frameworks */ = {isa = PBXBuildFile; fileRef = FF5C84F0140B8044002E0415 /* CoreGraphics.framework */; };
		FF752F3E1547F71A0006FCA7 /* IRDiscreteLayoutGridCandidateInfo.h in Headers */ = {isa = PBXBuildFile; fileRef = FF752F3C1547F71A0006FCA7 /* IRDiscreteLayoutGridCandidateInfo.h */; };
		FF752F3F1547F71A0006FCA7 /* IRDiscreteLayoutGridCandidateInfo.m in Sources */ = {isa = PBXBuildFile; fileRef = FF752F3D1547F71A0006FCA7 /* IRDiscreteLayoutGridCandidateInfo.m */; };
		FF8726F91408BC08002FE6FC /* UIKit.framework in Frameworks */ = {isa = PBXBuildFile; fileRef = FF8726F81408BC08002FE6FC /* UIKit.framework */; };
		FF8726FC1408BC0E002FE6FC /* MobileCoreServices.framework in Frameworks */ = {isa = PBXBuildFile; fileRef = FF8726FB1408BC0E002FE6FC /* MobileCoreServices.framework */; };
		FF8726FD1408BC26002FE6FC /* IRDiscreteLayoutManager.h in Headers */ = {isa = PBXBuildFile; fileRef = FF55E19E1407CE8400D8F3C7 /* IRDiscreteLayoutManager.h */; settings = {ATTRIBUTES = (); }; };
		FF8726FF1408BCA1002FE6FC /* IRDiscreteLayoutItem.m in Sources */ = {isa = PBXBuildFile; fileRef = FF8726FE1408BCA1002FE6FC /* IRDiscreteLayoutItem.m */; };
		FF8727021408C47E002FE6FC /* IRDiscreteLayoutGrid.h in Headers */ = {isa = PBXBuildFile; fileRef = FF8727001408C47E002FE6FC /* IRDiscreteLayoutGrid.h */; };
		FF8727031408C47E002FE6FC /* IRDiscreteLayoutGrid.m in Sources */ = {isa = PBXBuildFile; fileRef = FF8727011408C47E002FE6FC /* IRDiscreteLayoutGrid.m */; };
		FF8727061408C4E0002FE6FC /* IRDiscreteLayoutGrid+Transforming.h in Headers */ = {isa = PBXBuildFile; fileRef = FF8727041408C4E0002FE6FC /* IRDiscreteLayoutGrid+Transforming.h */; };
		FF8727071408C4E0002FE6FC /* IRDiscreteLayoutGrid+Transforming.m in Sources */ = {isa = PBXBuildFile; fileRef = FF8727051408C4E0002FE6FC /* IRDiscreteLayoutGrid+Transforming.m */; };
		FF87270A1408E08A002FE6FC /* IRDiscreteLayoutResult.h in Headers */ = {isa = PBXBuildFile; fileRef = FF8727081408E08A002FE6FC /* IRDiscreteLayoutResult.h */; };
		FF87270B1408E08A002FE6FC /* IRDiscreteLayoutResult.m in Sources */ = {isa = PBXBuildFile; fileRef = FF8727091408E08A002FE6FC /* IRDiscreteLayoutResult.m */; };
		FFC0D7521408B80700B891BB /* IRDiscreteLayoutItem.h in Headers */ = {isa = PBXBuildFile; fileRef = FFC0D7511408B80700B891BB /* IRDiscreteLayoutItem.h */; settings = {ATTRIBUTES = (); }; };
		FFF5809D151C55DC00C5C799 /* IRDiscreteLayoutGrid+DebugSupport.h in Headers */ = {isa = PBXBuildFile; fileRef = FFF5809B151C55DC00C5C799 /* IRDiscreteLayoutGrid+DebugSupport.h */; };
		FFF5809E151C55DC00C5C799 /* IRDiscreteLayoutGrid+DebugSupport.m in Sources */ = {isa = PBXBuildFile; fileRef = FFF5809C151C55DC00C5C799 /* IRDiscreteLayoutGrid+DebugSupport.m */; };
		FFF580A0151C56C200C5C799 /* IRDiscreteLayoutGrid+Private.h in Headers */ = {isa = PBXBuildFile; fileRef = FFF5809F151C56C200C5C799 /* IRDiscreteLayoutGrid+Private.h */; };
		FFF580A3151C573C00C5C799 /* IRDiscreteLayoutHelpers.h in Headers */ = {isa = PBXBuildFile; fileRef = FFF580A1151C573C00C5C799 /* IRDiscreteLayoutHelpers.h */; };
		FFF580A4151C573C00C5C799 /* IRDiscreteLayoutHelpers.m in Sources */ = {isa = PBXBuildFile; fileRef = FFF580A2151C573C00C5C799 /* IRDiscreteLayoutHelpers.m */; };
		FFF580A6151C57DA00C5C799 /* IRDiscreteLayout.h in Headers */ = {isa = PBXBuildFile; fileRef = FFF580A5151C57DA00C5C799 /* IRDiscreteLayout.h */; };
/* End PBXBuildFile section */

/* Begin PBXContainerItemProxy section */
		FF2BFF2A140AC9E900604E8D /* PBXContainerItemProxy */ = {
			isa = PBXContainerItemProxy;
			containerPortal = FF55E18D1407CE8400D8F3C7 /* Project object */;
			proxyType = 1;
			remoteGlobalIDString = FF55E1951407CE8400D8F3C7;
			remoteInfo = IRDiscreteLayoutManager;
		};
/* End PBXContainerItemProxy section */

/* Begin PBXFileReference section */
		FF0D6DF3151B1A28006DBFEE /* IRDiscreteLayoutChangeSet.h */ = {isa = PBXFileReference; fileEncoding = 4; lastKnownFileType = sourcecode.c.h; name = IRDiscreteLayoutChangeSet.h; path = IRDiscreteLayoutManager/IRDiscreteLayoutChangeSet.h; sourceTree = "<group>"; };
		FF0D6DF4151B1A28006DBFEE /* IRDiscreteLayoutChangeSet.m */ = {isa = PBXFileReference; fileEncoding = 4; lastKnownFileType = sourcecode.c.objc; name = IRDiscreteLayoutChangeSet.m; path = IRDiscreteLayoutManager/IRDiscreteLayoutChangeSet.m; sourceTree = "<group>"; };
		FF0FA3E4152453D400B34D19 /* IRDiscreteLayoutError.h */ = {isa = PBXFileReference; fileEncoding = 4; lastKnownFileType = sourcecode.c.h; name = IRDiscreteLayoutError.h; path = IRDiscreteLayoutManager/IRDiscreteLayoutError.h; sourceTree = "<group>"; };
		FF0FA3E5152453D400B34D19 /* IRDiscreteLayoutError.m */ = {isa = PBXFileReference; fileEncoding = 4; lastKnownFileType = sourcecode.c.objc; name = IRDiscreteLayoutError.m; path = IRDiscreteLayoutManager/IRDiscreteLayoutError.m; sourceTree = "<group>"; };
		FF2BFEE0140AC72300604E8D /* IRDiscreteLayoutTests.octest */ = {isa = PBXFileReference; explicitFileType = wrapper.cfbundle; includeInIndex = 0; path = IRDiscreteLayoutTests.octest; sourceTree = BUILT_PRODUCTS_DIR; };
		FF2BFEE1140AC72300604E8D /* SenTestingKit.framework */ = {isa = PBXFileReference; lastKnownFileType = wrapper.framework; name = SenTestingKit.framework; path = Library/Frameworks/SenTestingKit.framework; sourceTree = DEVELOPER_DIR; };
		FF2BFEE9140AC72300604E8D /* IRDiscreteLayoutTests-Info.plist */ = {isa = PBXFileReference; lastKnownFileType = text.plist.xml; path = "IRDiscreteLayoutTests-Info.plist"; sourceTree = "<group>"; };
		FF2BFEEB140AC72300604E8D /* en */ = {isa = PBXFileReference; lastKnownFileType = text.plist.strings; name = en; path = en.lproj/InfoPlist.strings; sourceTree = "<group>"; };
		FF2BFEED140AC72300604E8D /* IRDiscreteLayoutTests.h */ = {isa = PBXFileReference; lastKnownFileType = sourcecode.c.h; path = IRDiscreteLayoutTests.h; sourceTree = "<group>"; };
		FF2BFEEF140AC72300604E8D /* IRDiscreteLayoutTests.m */ = {isa = PBXFileReference; lastKnownFileType = sourcecode.c.objc; path = IRDiscreteLayoutTests.m; sourceTree = "<group>"; };
		FF2BFEF1140AC72300604E8D /* IRDiscreteLayoutTests-Prefix.pch */ = {isa = PBXFileReference; lastKnownFileType = sourcecode.c.h; path = "IRDiscreteLayoutTests-Prefix.pch"; sourceTree = "<group>"; };
		FF2BFF27140AC82100604E8D /* IRCommitSHA.sh */ = {isa = PBXFileReference; lastKnownFileType = text.script.sh; name = IRCommitSHA.sh; path = IRDiscreteLayoutShared/IRCommitSHA.sh; sourceTree = "<group>"; };
		FF42702E155116280053D1CA /* IRDiscreteLayoutArea.h */ = {isa = PBXFileReference; fileEncoding = 4; lastKnownFileType = sourcecode.c.h; name = IRDiscreteLayoutArea.h; path = IRDiscreteLayoutManager/IRDiscreteLayoutArea.h; sourceTree = "<group>"; };
		FF42702F155116280053D1CA /* IRDiscreteLayoutArea.m */ = {isa = PBXFileReference; fileEncoding = 4; lastKnownFileType = sourcecode.c.objc; name = IRDiscreteLayoutArea.m; path = IRDiscreteLayoutManager/IRDiscreteLayoutArea.m; sourceTree = "<group>"; };
		FF427037155116AE0053D1CA /* IRDiscreteLayoutGrid+Deprecated.h */ = {isa = PBXFileReference; fileEncoding = 4; lastKnownFileType = sourcecode.c.h; name = "IRDiscreteLayoutGrid+Deprecated.h"; path = "IRDiscreteLayoutManager/IRDiscreteLayoutGrid+Deprecated.h"; sourceTree = "<group>"; };
		FF427038155116AF0053D1CA /* IRDiscreteLayoutGrid+Deprecated.m */ = {isa = PBXFileReference; fileEncoding = 4; lastKnownFileType = sourcecode.c.objc; name = "IRDiscreteLayoutGrid+Deprecated.m"; path = "IRDiscreteLayoutManager/IRDiscreteLayoutGrid+Deprecated.m"; sourceTree = "<group>"; };
		FF55E1961407CE8400D8F3C7 /* libIRDiscreteLayoutManager.a */ = {isa = PBXFileReference; explicitFileType = archive.ar; includeInIndex = 0; path = libIRDiscreteLayoutManager.a; sourceTree = BUILT_PRODUCTS_DIR; };
		FF55E1991407CE8400D8F3C7 /* Foundation.framework */ = {isa = PBXFileReference; lastKnownFileType = wrapper.framework; name = Foundation.framework; path = System/Library/Frameworks/Foundation.framework; sourceTree = SDKROOT; };
		FF55E19D1407CE8400D8F3C7 /* IRDiscreteLayoutManager-Prefix.pch */ = {isa = PBXFileReference; lastKnownFileType = sourcecode.c.h; path = "IRDiscreteLayoutManager-Prefix.pch"; sourceTree = "<group>"; };
		FF55E19E1407CE8400D8F3C7 /* IRDiscreteLayoutManager.h */ = {isa = PBXFileReference; lastKnownFileType = sourcecode.c.h; name = IRDiscreteLayoutManager.h; path = IRDiscreteLayoutManager/IRDiscreteLayoutManager.h; sourceTree = "<group>"; };
		FF55E19F1407CE8400D8F3C7 /* IRDiscreteLayoutManager.m */ = {isa = PBXFileReference; lastKnownFileType = sourcecode.c.objc; name = IRDiscreteLayoutManager.m; path = IRDiscreteLayoutManager/IRDiscreteLayoutManager.m; sourceTree = "<group>"; };
		FF55E1A61407CED100D8F3C7 /* README.md */ = {isa = PBXFileReference; fileEncoding = 4; lastKnownFileType = text; path = README.md; sourceTree = "<group>"; };
		FF5C84EB140B802A002E0415 /* MobileCoreServices.framework */ = {isa = PBXFileReference; lastKnownFileType = wrapper.framework; name = MobileCoreServices.framework; path = System/Library/Frameworks/MobileCoreServices.framework; sourceTree = SDKROOT; };
		FF5C84EE140B803E002E0415 /* QuartzCore.framework */ = {isa = PBXFileReference; lastKnownFileType = wrapper.framework; name = QuartzCore.framework; path = System/Library/Frameworks/QuartzCore.framework; sourceTree = SDKROOT; };
		FF5C84F0140B8044002E0415 /* CoreGraphics.framework */ = {isa = PBXFileReference; lastKnownFileType = wrapper.framework; name = CoreGraphics.framework; path = System/Library/Frameworks/CoreGraphics.framework; sourceTree = SDKROOT; };
		FF752F3C1547F71A0006FCA7 /* IRDiscreteLayoutGridCandidateInfo.h */ = {isa = PBXFileReference; fileEncoding = 4; lastKnownFileType = sourcecode.c.h; name = IRDiscreteLayoutGridCandidateInfo.h; path = IRDiscreteLayoutManager/IRDiscreteLayoutGridCandidateInfo.h; sourceTree = "<group>"; };
		FF752F3D1547F71A0006FCA7 /* IRDiscreteLayoutGridCandidateInfo.m */ = {isa = PBXFileReference; fileEncoding = 4; lastKnownFileType = sourcecode.c.objc; name = IRDiscreteLayoutGridCandidateInfo.m; path = IRDiscreteLayoutManager/IRDiscreteLayoutGridCandidateInfo.m; sourceTree = "<group>"; };
		FF8726F81408BC08002FE6FC /* UIKit.framework */ = {isa = PBXFileReference; lastKnownFileType = wrapper.framework; name = UIKit.framework; path = System/Library/Frameworks/UIKit.framework; sourceTree = SDKROOT; };
		FF8726FB1408BC0E002FE6FC /* MobileCoreServices.framework */ = {isa = PBXFileReference; lastKnownFileType = wrapper.framework; name = MobileCoreServices.framework; path = System/Library/Frameworks/MobileCoreServices.framework; sourceTree = SDKROOT; };
		FF8726FE1408BCA1002FE6FC /* IRDiscreteLayoutItem.m */ = {isa = PBXFileReference; fileEncoding = 4; lastKnownFileType = sourcecode.c.objc; name = IRDiscreteLayoutItem.m; path = IRDiscreteLayoutManager/IRDiscreteLayoutItem.m; sourceTree = "<group>"; };
		FF8727001408C47E002FE6FC /* IRDiscreteLayoutGrid.h */ = {isa = PBXFileReference; fileEncoding = 4; lastKnownFileType = sourcecode.c.h; name = IRDiscreteLayoutGrid.h; path = IRDiscreteLayoutManager/IRDiscreteLayoutGrid.h; sourceTree = "<group>"; };
		FF8727011408C47E002FE6FC /* IRDiscreteLayoutGrid.m */ = {isa = PBXFileReference; fileEncoding = 4; lastKnownFileType = sourcecode.c.objc; name = IRDiscreteLayoutGrid.m; path = IRDiscreteLayoutManager/IRDiscreteLayoutGrid.m; sourceTree = "<group>"; };
		FF8727041408C4E0002FE6FC /* IRDiscreteLayoutGrid+Transforming.h */ = {isa = PBXFileReference; fileEncoding = 4; lastKnownFileType = sourcecode.c.h; name = "IRDiscreteLayoutGrid+Transforming.h"; path = "IRDiscreteLayoutManager/IRDiscreteLayoutGrid+Transforming.h"; sourceTree = "<group>"; };
		FF8727051408C4E0002FE6FC /* IRDiscreteLayoutGrid+Transforming.m */ = {isa = PBXFileReference; fileEncoding = 4; lastKnownFileType = sourcecode.c.objc; name = "IRDiscreteLayoutGrid+Transforming.m"; path = "IRDiscreteLayoutManager/IRDiscreteLayoutGrid+Transforming.m"; sourceTree = "<group>"; };
		FF8727081408E08A002FE6FC /* IRDiscreteLayoutResult.h */ = {isa = PBXFileReference; fileEncoding = 4; lastKnownFileType = sourcecode.c.h; name = IRDiscreteLayoutResult.h; path = IRDiscreteLayoutManager/IRDiscreteLayoutResult.h; sourceTree = "<group>"; };
		FF8727091408E08A002FE6FC /* IRDiscreteLayoutResult.m */ = {isa = PBXFileReference; fileEncoding = 4; lastKnownFileType = sourcecode.c.objc; name = IRDiscreteLayoutResult.m; path = IRDiscreteLayoutManager/IRDiscreteLayoutResult.m; sourceTree = "<group>"; };
		FFC0D7511408B80700B891BB /* IRDiscreteLayoutItem.h */ = {isa = PBXFileReference; fileEncoding = 4; lastKnownFileType = sourcecode.c.h; name = IRDiscreteLayoutItem.h; path = IRDiscreteLayoutManager/IRDiscreteLayoutItem.h; sourceTree = "<group>"; };
		FFF5809B151C55DC00C5C799 /* IRDiscreteLayoutGrid+DebugSupport.h */ = {isa = PBXFileReference; fileEncoding = 4; lastKnownFileType = sourcecode.c.h; name = "IRDiscreteLayoutGrid+DebugSupport.h"; path = "IRDiscreteLayoutManager/IRDiscreteLayoutGrid+DebugSupport.h"; sourceTree = "<group>"; };
		FFF5809C151C55DC00C5C799 /* IRDiscreteLayoutGrid+DebugSupport.m */ = {isa = PBXFileReference; fileEncoding = 4; lastKnownFileType = sourcecode.c.objc; name = "IRDiscreteLayoutGrid+DebugSupport.m"; path = "IRDiscreteLayoutManager/IRDiscreteLayoutGrid+DebugSupport.m"; sourceTree = "<group>"; };
		FFF5809F151C56C200C5C799 /* IRDiscreteLayoutGrid+Private.h */ = {isa = PBXFileReference; fileEncoding = 4; lastKnownFileType = sourcecode.c.h; name = "IRDiscreteLayoutGrid+Private.h"; path = "IRDiscreteLayoutManager/IRDiscreteLayoutGrid+Private.h"; sourceTree = "<group>"; };
		FFF580A1151C573C00C5C799 /* IRDiscreteLayoutHelpers.h */ = {isa = PBXFileReference; fileEncoding = 4; lastKnownFileType = sourcecode.c.h; name = IRDiscreteLayoutHelpers.h; path = IRDiscreteLayoutManager/IRDiscreteLayoutHelpers.h; sourceTree = "<group>"; };
		FFF580A2151C573C00C5C799 /* IRDiscreteLayoutHelpers.m */ = {isa = PBXFileReference; fileEncoding = 4; lastKnownFileType = sourcecode.c.objc; name = IRDiscreteLayoutHelpers.m; path = IRDiscreteLayoutManager/IRDiscreteLayoutHelpers.m; sourceTree = "<group>"; };
		FFF580A5151C57DA00C5C799 /* IRDiscreteLayout.h */ = {isa = PBXFileReference; fileEncoding = 4; lastKnownFileType = sourcecode.c.h; name = IRDiscreteLayout.h; path = IRDiscreteLayoutManager/IRDiscreteLayout.h; sourceTree = "<group>"; };
/* End PBXFileReference section */

/* Begin PBXFrameworksBuildPhase section */
		FF2BFEDC140AC72300604E8D /* Frameworks */ = {
			isa = PBXFrameworksBuildPhase;
			buildActionMask = 2147483647;
			files = (
				FF5C84F1140B8044002E0415 /* CoreGraphics.framework in Frameworks */,
				FF5C84EF140B803E002E0415 /* QuartzCore.framework in Frameworks */,
				FF2BFF2C140AC9FC00604E8D /* libIRDiscreteLayoutManager.a in Frameworks */,
				FF2BFEE2140AC72300604E8D /* SenTestingKit.framework in Frameworks */,
				FF2BFEE3140AC72300604E8D /* UIKit.framework in Frameworks */,
				FF2BFEE4140AC72300604E8D /* Foundation.framework in Frameworks */,
				FF5C84EC140B802A002E0415 /* MobileCoreServices.framework in Frameworks */,
			);
			runOnlyForDeploymentPostprocessing = 0;
		};
		FF55E1931407CE8400D8F3C7 /* Frameworks */ = {
			isa = PBXFrameworksBuildPhase;
			buildActionMask = 2147483647;
			files = (
				FF55E19A1407CE8400D8F3C7 /* Foundation.framework in Frameworks */,
				FF8726F91408BC08002FE6FC /* UIKit.framework in Frameworks */,
				FF8726FC1408BC0E002FE6FC /* MobileCoreServices.framework in Frameworks */,
			);
			runOnlyForDeploymentPostprocessing = 0;
		};
/* End PBXFrameworksBuildPhase section */

/* Begin PBXGroup section */
		FF2BFEE7140AC72300604E8D /* Tests */ = {
			isa = PBXGroup;
			children = (
				FF2BFEED140AC72300604E8D /* IRDiscreteLayoutTests.h */,
				FF2BFEEF140AC72300604E8D /* IRDiscreteLayoutTests.m */,
				FF2BFEE8140AC72300604E8D /* Supporting Files */,
			);
			name = Tests;
			path = IRDiscreteLayoutTests;
			sourceTree = "<group>";
		};
		FF2BFEE8140AC72300604E8D /* Supporting Files */ = {
			isa = PBXGroup;
			children = (
				FF2BFEE9140AC72300604E8D /* IRDiscreteLayoutTests-Info.plist */,
				FF2BFEEA140AC72300604E8D /* InfoPlist.strings */,
				FF2BFEF1140AC72300604E8D /* IRDiscreteLayoutTests-Prefix.pch */,
			);
			name = "Supporting Files";
			sourceTree = "<group>";
		};
		FF2BFF28140AC82600604E8D /* Shared */ = {
			isa = PBXGroup;
			children = (
				FF2BFF27140AC82100604E8D /* IRCommitSHA.sh */,
			);
			name = Shared;
			sourceTree = "<group>";
		};
		FF55E18B1407CE8400D8F3C7 = {
			isa = PBXGroup;
			children = (
				FF0FA3E4152453D400B34D19 /* IRDiscreteLayoutError.h */,
				FF0FA3E5152453D400B34D19 /* IRDiscreteLayoutError.m */,
				FF55E1A61407CED100D8F3C7 /* README.md */,
				FFF580A5151C57DA00C5C799 /* IRDiscreteLayout.h */,
				FF55E19E1407CE8400D8F3C7 /* IRDiscreteLayoutManager.h */,
				FF55E19F1407CE8400D8F3C7 /* IRDiscreteLayoutManager.m */,
				FFF580A1151C573C00C5C799 /* IRDiscreteLayoutHelpers.h */,
				FFF580A2151C573C00C5C799 /* IRDiscreteLayoutHelpers.m */,
				FF42702E155116280053D1CA /* IRDiscreteLayoutArea.h */,
				FF42702F155116280053D1CA /* IRDiscreteLayoutArea.m */,
				FF8727001408C47E002FE6FC /* IRDiscreteLayoutGrid.h */,
				FF8727011408C47E002FE6FC /* IRDiscreteLayoutGrid.m */,
				FF427037155116AE0053D1CA /* IRDiscreteLayoutGrid+Deprecated.h */,
				FF427038155116AF0053D1CA /* IRDiscreteLayoutGrid+Deprecated.m */,
				FFF5809F151C56C200C5C799 /* IRDiscreteLayoutGrid+Private.h */,
				FFF5809B151C55DC00C5C799 /* IRDiscreteLayoutGrid+DebugSupport.h */,
				FFF5809C151C55DC00C5C799 /* IRDiscreteLayoutGrid+DebugSupport.m */,
				FF8727041408C4E0002FE6FC /* IRDiscreteLayoutGrid+Transforming.h */,
				FF8727051408C4E0002FE6FC /* IRDiscreteLayoutGrid+Transforming.m */,
				FF752F3C1547F71A0006FCA7 /* IRDiscreteLayoutGridCandidateInfo.h */,
				FF752F3D1547F71A0006FCA7 /* IRDiscreteLayoutGridCandidateInfo.m */,
				FF0D6DF3151B1A28006DBFEE /* IRDiscreteLayoutChangeSet.h */,
				FF0D6DF4151B1A28006DBFEE /* IRDiscreteLayoutChangeSet.m */,
				FFC0D7511408B80700B891BB /* IRDiscreteLayoutItem.h */,
				FF8726FE1408BCA1002FE6FC /* IRDiscreteLayoutItem.m */,
				FF8727081408E08A002FE6FC /* IRDiscreteLayoutResult.h */,
				FF8727091408E08A002FE6FC /* IRDiscreteLayoutResult.m */,
				FF55E19C1407CE8400D8F3C7 /* Supporting Files */,
				FF2BFEE7140AC72300604E8D /* Tests */,
				FF2BFF28140AC82600604E8D /* Shared */,
				FF55E1981407CE8400D8F3C7 /* Frameworks */,
				FF55E1971407CE8400D8F3C7 /* Products */,
			);
			sourceTree = "<group>";
		};
		FF55E1971407CE8400D8F3C7 /* Products */ = {
			isa = PBXGroup;
			children = (
				FF55E1961407CE8400D8F3C7 /* libIRDiscreteLayoutManager.a */,
				FF2BFEE0140AC72300604E8D /* IRDiscreteLayoutTests.octest */,
			);
			name = Products;
			sourceTree = "<group>";
		};
		FF55E1981407CE8400D8F3C7 /* Frameworks */ = {
			isa = PBXGroup;
			children = (
				FF55E1991407CE8400D8F3C7 /* Foundation.framework */,
				FF8726FB1408BC0E002FE6FC /* MobileCoreServices.framework */,
				FF8726F81408BC08002FE6FC /* UIKit.framework */,
				FF2BFEE1140AC72300604E8D /* SenTestingKit.framework */,
				FF5C84F0140B8044002E0415 /* CoreGraphics.framework */,
				FF5C84EE140B803E002E0415 /* QuartzCore.framework */,
				FF5C84EB140B802A002E0415 /* MobileCoreServices.framework */,
			);
			name = Frameworks;
			sourceTree = "<group>";
		};
		FF55E19C1407CE8400D8F3C7 /* Supporting Files */ = {
			isa = PBXGroup;
			children = (
				FF55E19D1407CE8400D8F3C7 /* IRDiscreteLayoutManager-Prefix.pch */,
			);
			name = "Supporting Files";
			path = IRDiscreteLayoutManager;
			sourceTree = "<group>";
		};
/* End PBXGroup section */

/* Begin PBXHeadersBuildPhase section */
		FF55E1941407CE8400D8F3C7 /* Headers */ = {
			isa = PBXHeadersBuildPhase;
			buildActionMask = 2147483647;
			files = (
				FF8727021408C47E002FE6FC /* IRDiscreteLayoutGrid.h in Headers */,
				FF8727061408C4E0002FE6FC /* IRDiscreteLayoutGrid+Transforming.h in Headers */,
				FF87270A1408E08A002FE6FC /* IRDiscreteLayoutResult.h in Headers */,
				FF8726FD1408BC26002FE6FC /* IRDiscreteLayoutManager.h in Headers */,
				FFC0D7521408B80700B891BB /* IRDiscreteLayoutItem.h in Headers */,
				FF0D6DF5151B1A28006DBFEE /* IRDiscreteLayoutChangeSet.h in Headers */,
				FFF5809D151C55DC00C5C799 /* IRDiscreteLayoutGrid+DebugSupport.h in Headers */,
				FFF580A0151C56C200C5C799 /* IRDiscreteLayoutGrid+Private.h in Headers */,
				FFF580A3151C573C00C5C799 /* IRDiscreteLayoutHelpers.h in Headers */,
				FFF580A6151C57DA00C5C799 /* IRDiscreteLayout.h in Headers */,
				FF0FA3E6152453D400B34D19 /* IRDiscreteLayoutError.h in Headers */,
				FF752F3E1547F71A0006FCA7 /* IRDiscreteLayoutGridCandidateInfo.h in Headers */,
				FF427030155116280053D1CA /* IRDiscreteLayoutArea.h in Headers */,
				FF427039155116AF0053D1CA /* IRDiscreteLayoutGrid+Deprecated.h in Headers */,
			);
			runOnlyForDeploymentPostprocessing = 0;
		};
/* End PBXHeadersBuildPhase section */

/* Begin PBXNativeTarget section */
		FF2BFEDF140AC72300604E8D /* IRDiscreteLayoutTests */ = {
			isa = PBXNativeTarget;
			buildConfigurationList = FF2BFEF4140AC72300604E8D /* Build configuration list for PBXNativeTarget "IRDiscreteLayoutTests" */;
			buildPhases = (
				FF2BFEDB140AC72300604E8D /* Sources */,
				FF2BFEDC140AC72300604E8D /* Frameworks */,
				FF2BFEDD140AC72300604E8D /* Resources */,
				FF2BFEDE140AC72300604E8D /* ShellScript */,
			);
			buildRules = (
			);
			dependencies = (
				FF2BFF2B140AC9E900604E8D /* PBXTargetDependency */,
			);
			name = IRDiscreteLayoutTests;
			productName = IRDiscreteLayoutTests;
			productReference = FF2BFEE0140AC72300604E8D /* IRDiscreteLayoutTests.octest */;
			productType = "com.apple.product-type.bundle";
		};
		FF55E1951407CE8400D8F3C7 /* IRDiscreteLayoutManager */ = {
			isa = PBXNativeTarget;
			buildConfigurationList = FF55E1A31407CE8400D8F3C7 /* Build configuration list for PBXNativeTarget "IRDiscreteLayoutManager" */;
			buildPhases = (
				FF55E1921407CE8400D8F3C7 /* Sources */,
				FF55E1931407CE8400D8F3C7 /* Frameworks */,
				FF55E1941407CE8400D8F3C7 /* Headers */,
			);
			buildRules = (
			);
			dependencies = (
			);
			name = IRDiscreteLayoutManager;
			productName = IRDiscreteLayoutManager;
			productReference = FF55E1961407CE8400D8F3C7 /* libIRDiscreteLayoutManager.a */;
			productType = "com.apple.product-type.library.static";
		};
/* End PBXNativeTarget section */

/* Begin PBXProject section */
		FF55E18D1407CE8400D8F3C7 /* Project object */ = {
			isa = PBXProject;
			attributes = {
				LastUpgradeCheck = 0410;
				ORGANIZATIONNAME = "Iridia Productions";
			};
			buildConfigurationList = FF55E1901407CE8400D8F3C7 /* Build configuration list for PBXProject "IRDiscreteLayoutManager" */;
			compatibilityVersion = "Xcode 3.2";
			developmentRegion = English;
			hasScannedForEncodings = 0;
			knownRegions = (
				en,
			);
			mainGroup = FF55E18B1407CE8400D8F3C7;
			productRefGroup = FF55E1971407CE8400D8F3C7 /* Products */;
			projectDirPath = "";
			projectRoot = "";
			targets = (
				FF55E1951407CE8400D8F3C7 /* IRDiscreteLayoutManager */,
				FF2BFEDF140AC72300604E8D /* IRDiscreteLayoutTests */,
			);
		};
/* End PBXProject section */

/* Begin PBXResourcesBuildPhase section */
		FF2BFEDD140AC72300604E8D /* Resources */ = {
			isa = PBXResourcesBuildPhase;
			buildActionMask = 2147483647;
			files = (
				FF2BFEEC140AC72300604E8D /* InfoPlist.strings in Resources */,
				FF2BFEEE140AC72300604E8D /* IRDiscreteLayoutTests.h in Resources */,
			);
			runOnlyForDeploymentPostprocessing = 0;
		};
/* End PBXResourcesBuildPhase section */

/* Begin PBXShellScriptBuildPhase section */
		FF2BFEDE140AC72300604E8D /* ShellScript */ = {
			isa = PBXShellScriptBuildPhase;
			buildActionMask = 2147483647;
			files = (
			);
			inputPaths = (
			);
			outputPaths = (
			);
			runOnlyForDeploymentPostprocessing = 0;
			shellPath = /bin/sh;
			shellScript = "# Run the unit tests in this test bundle.\n\"${SYSTEM_DEVELOPER_DIR}/Tools/RunUnitTests\"\n";
		};
/* End PBXShellScriptBuildPhase section */

/* Begin PBXSourcesBuildPhase section */
		FF2BFEDB140AC72300604E8D /* Sources */ = {
			isa = PBXSourcesBuildPhase;
			buildActionMask = 2147483647;
			files = (
				FF2BFEF0140AC72300604E8D /* IRDiscreteLayoutTests.m in Sources */,
			);
			runOnlyForDeploymentPostprocessing = 0;
		};
		FF55E1921407CE8400D8F3C7 /* Sources */ = {
			isa = PBXSourcesBuildPhase;
			buildActionMask = 2147483647;
			files = (
				FF55E1A01407CE8400D8F3C7 /* IRDiscreteLayoutManager.m in Sources */,
				FF8726FF1408BCA1002FE6FC /* IRDiscreteLayoutItem.m in Sources */,
				FF8727031408C47E002FE6FC /* IRDiscreteLayoutGrid.m in Sources */,
				FF8727071408C4E0002FE6FC /* IRDiscreteLayoutGrid+Transforming.m in Sources */,
				FF87270B1408E08A002FE6FC /* IRDiscreteLayoutResult.m in Sources */,
				FF0D6DF6151B1A28006DBFEE /* IRDiscreteLayoutChangeSet.m in Sources */,
				FFF5809E151C55DC00C5C799 /* IRDiscreteLayoutGrid+DebugSupport.m in Sources */,
				FFF580A4151C573C00C5C799 /* IRDiscreteLayoutHelpers.m in Sources */,
				FF0FA3E7152453D400B34D19 /* IRDiscreteLayoutError.m in Sources */,
				FF752F3F1547F71A0006FCA7 /* IRDiscreteLayoutGridCandidateInfo.m in Sources */,
				FF427031155116280053D1CA /* IRDiscreteLayoutArea.m in Sources */,
				FF42703A155116AF0053D1CA /* IRDiscreteLayoutGrid+Deprecated.m in Sources */,
			);
			runOnlyForDeploymentPostprocessing = 0;
		};
/* End PBXSourcesBuildPhase section */

/* Begin PBXTargetDependency section */
		FF2BFF2B140AC9E900604E8D /* PBXTargetDependency */ = {
			isa = PBXTargetDependency;
			target = FF55E1951407CE8400D8F3C7 /* IRDiscreteLayoutManager */;
			targetProxy = FF2BFF2A140AC9E900604E8D /* PBXContainerItemProxy */;
		};
/* End PBXTargetDependency section */

/* Begin PBXVariantGroup section */
		FF2BFEEA140AC72300604E8D /* InfoPlist.strings */ = {
			isa = PBXVariantGroup;
			children = (
				FF2BFEEB140AC72300604E8D /* en */,
			);
			name = InfoPlist.strings;
			sourceTree = "<group>";
		};
/* End PBXVariantGroup section */

/* Begin XCBuildConfiguration section */
		FF2BFEF2140AC72300604E8D /* Debug */ = {
			isa = XCBuildConfiguration;
			buildSettings = {
				CLANG_ENABLE_OBJC_ARC = YES;
				FRAMEWORK_SEARCH_PATHS = (
					"$(SDKROOT)/Developer/Library/Frameworks",
					"$(DEVELOPER_LIBRARY_DIR)/Frameworks",
				);
				GCC_PRECOMPILE_PREFIX_HEADER = YES;
				GCC_PREFIX_HEADER = "IRDiscreteLayoutTests/IRDiscreteLayoutTests-Prefix.pch";
				INFOPLIST_FILE = "IRDiscreteLayoutTests/IRDiscreteLayoutTests-Info.plist";
				PRODUCT_NAME = "$(TARGET_NAME)";
				SDKROOT = iphoneos;
				WRAPPER_EXTENSION = octest;
			};
			name = Debug;
		};
		FF2BFEF3140AC72300604E8D /* Release */ = {
			isa = XCBuildConfiguration;
			buildSettings = {
				CLANG_ENABLE_OBJC_ARC = YES;
				FRAMEWORK_SEARCH_PATHS = (
					"$(SDKROOT)/Developer/Library/Frameworks",
					"$(DEVELOPER_LIBRARY_DIR)/Frameworks",
				);
				GCC_PRECOMPILE_PREFIX_HEADER = YES;
				GCC_PREFIX_HEADER = "IRDiscreteLayoutTests/IRDiscreteLayoutTests-Prefix.pch";
				INFOPLIST_FILE = "IRDiscreteLayoutTests/IRDiscreteLayoutTests-Info.plist";
				PRODUCT_NAME = "$(TARGET_NAME)";
				SDKROOT = iphoneos;
				WRAPPER_EXTENSION = octest;
			};
			name = Release;
		};
		FF55E1A11407CE8400D8F3C7 /* Debug */ = {
			isa = XCBuildConfiguration;
			buildSettings = {
				ALWAYS_SEARCH_USER_PATHS = NO;
				ARCHS = "$(ARCHS_STANDARD_32_BIT)";
				CLANG_ENABLE_OBJC_ARC = NO;
				COPY_PHASE_STRIP = NO;
				GCC_C_LANGUAGE_STANDARD = gnu99;
				GCC_DYNAMIC_NO_PIC = NO;
				GCC_OPTIMIZATION_LEVEL = 0;
				GCC_PREPROCESSOR_DEFINITIONS = (
					"DEBUG=1",
					"$(inherited)",
				);
				GCC_SYMBOLS_PRIVATE_EXTERN = NO;
				GCC_VERSION = com.apple.compilers.llvm.clang.1_0;
				GCC_WARN_ABOUT_MISSING_PROTOTYPES = YES;
				GCC_WARN_ABOUT_RETURN_TYPE = YES;
				GCC_WARN_UNUSED_VARIABLE = YES;
				IPHONEOS_DEPLOYMENT_TARGET = 4.3;
				OTHER_LDFLAGS = (
					"-all_load",
					"-ObjC",
				);
				SDKROOT = iphoneos;
				VALID_ARCHS = "armv6 armv7 i386";
			};
			name = Debug;
		};
		FF55E1A21407CE8400D8F3C7 /* Release */ = {
			isa = XCBuildConfiguration;
			buildSettings = {
				ALWAYS_SEARCH_USER_PATHS = NO;
				ARCHS = "$(ARCHS_STANDARD_32_BIT)";
				CLANG_ENABLE_OBJC_ARC = NO;
				COPY_PHASE_STRIP = YES;
				GCC_C_LANGUAGE_STANDARD = gnu99;
				GCC_VERSION = com.apple.compilers.llvm.clang.1_0;
				GCC_WARN_ABOUT_MISSING_PROTOTYPES = YES;
				GCC_WARN_ABOUT_RETURN_TYPE = YES;
				GCC_WARN_UNUSED_VARIABLE = YES;
				IPHONEOS_DEPLOYMENT_TARGET = 4.3;
				OTHER_LDFLAGS = (
					"-all_load",
					"-ObjC",
				);
				SDKROOT = iphoneos;
				VALIDATE_PRODUCT = YES;
				VALID_ARCHS = "armv6 armv7 i386";
			};
			name = Release;
		};
		FF55E1A41407CE8400D8F3C7 /* Debug */ = {
			isa = XCBuildConfiguration;
			buildSettings = {
				CLANG_ENABLE_OBJC_ARC = YES;
				DSTROOT = /tmp/IRDiscreteLayoutManager.dst;
				GCC_PRECOMPILE_PREFIX_HEADER = YES;
				GCC_PREFIX_HEADER = "IRDiscreteLayoutManager/IRDiscreteLayoutManager-Prefix.pch";
				OTHER_LDFLAGS = "-ObjC";
				PRODUCT_NAME = "$(TARGET_NAME)";
				SDKROOT = iphoneos;
				SKIP_INSTALL = YES;
			};
			name = Debug;
		};
		FF55E1A51407CE8400D8F3C7 /* Release */ = {
			isa = XCBuildConfiguration;
			buildSettings = {
				CLANG_ENABLE_OBJC_ARC = YES;
				DSTROOT = /tmp/IRDiscreteLayoutManager.dst;
				GCC_PRECOMPILE_PREFIX_HEADER = YES;
				GCC_PREFIX_HEADER = "IRDiscreteLayoutManager/IRDiscreteLayoutManager-Prefix.pch";
				OTHER_LDFLAGS = "-ObjC";
				PRODUCT_NAME = "$(TARGET_NAME)";
				SDKROOT = iphoneos;
				SKIP_INSTALL = YES;
			};
			name = Release;
		};
/* End XCBuildConfiguration section */

/* Begin XCConfigurationList section */
		FF2BFEF4140AC72300604E8D /* Build configuration list for PBXNativeTarget "IRDiscreteLayoutTests" */ = {
			isa = XCConfigurationList;
			buildConfigurations = (
				FF2BFEF2140AC72300604E8D /* Debug */,
				FF2BFEF3140AC72300604E8D /* Release */,
			);
			defaultConfigurationIsVisible = 0;
			defaultConfigurationName = Release;
		};
		FF55E1901407CE8400D8F3C7 /* Build configuration list for PBXProject "IRDiscreteLayoutManager" */ = {
			isa = XCConfigurationList;
			buildConfigurations = (
				FF55E1A11407CE8400D8F3C7 /* Debug */,
				FF55E1A21407CE8400D8F3C7 /* Release */,
			);
			defaultConfigurationIsVisible = 0;
			defaultConfigurationName = Release;
		};
		FF55E1A31407CE8400D8F3C7 /* Build configuration list for PBXNativeTarget "IRDiscreteLayoutManager" */ = {
			isa = XCConfigurationList;
			buildConfigurations = (
				FF55E1A41407CE8400D8F3C7 /* Debug */,
				FF55E1A51407CE8400D8F3C7 /* Release */,
			);
			defaultConfigurationIsVisible = 0;
			defaultConfigurationName = Release;
		};
/* End XCConfigurationList section */
	};
	rootObject = FF55E18D1407CE8400D8F3C7 /* Project object */;
}
